lockfile_version: '1'
generated_at: '2026-09-19T02:24:38.392733+00:00'
apm_version: 0.28.0
dependencies:
- repo_url: yukimemi/renri
  name: renri
  host: github.com
  resolved_commit: 50c3ee2f9fadbe726fbe695cf1846b970feb62f0
  resolved_ref: main
  version: 0.1.15
  package_type: apm_package
  deployed_files:
  - .agents/skills/renri
  - .agents/skills/renri/SKILL.md
  - .claude/skills/renri
  - .claude/skills/renri/SKILL.md
  deployed_file_hashes:
    .agents/skills/renri/SKILL.md: sha256:acce44ad2236c2093d2b787321b12a0eb11152385dd7008ad785d6b9953cad65
    .claude/skills/renri/SKILL.md: sha256:acce44ad2236c2093d2b787321b12a0eb11152385dd7008ad785d6b9953cad65
  content_hash: sha256:64f3babacb8a6d1fad43275d5617548239bf70762b108f94ec1865016cef6a96
deployments:
- kind: project-relative
  target: claude
  value: .claude/skills/renri
  runtime: null
  scope: project
  owners:
  - yukimemi/renri
  active_owner: yukimemi/renri
  content_hash: null
- kind: project-relative
  target: claude
  value: .claude/skills/renri/SKILL.md
  runtime: null
  scope: project
  owners:
  - yukimemi/renri
  active_owner: yukimemi/renri
  content_hash: sha256:acce44ad2236c2093d2b787321b12a0eb11152385dd7008ad785d6b9953cad65
- kind: project-relative
  target: copilot
  value: .agents/skills/renri
  runtime: null
  scope: project
  owners:
  - yukimemi/renri
  active_owner: yukimemi/renri
  content_hash: null
- kind: project-relative
  target: copilot
  value: .agents/skills/renri/SKILL.md
  runtime: null
  scope: project
  owners:
  - yukimemi/renri
  active_owner: yukimemi/renri
  content_hash: sha256:acce44ad2236c2093d2b787321b12a0eb11152385dd7008ad785d6b9953cad65
